
Microsoft Visual Studio Solution File, Format Version 12.00
# Visual Studio Version 17
VisualStudioVersion = 17.2.32616.157
MinimumVisualStudioVersion = 10.0.40219.1
Project("{FAE04EC0-301F-11D3-BF4B-00C04F79EFBC}") = "Information", "Information\Information.csproj", "{531C4F34-9DAC-4925-A8C8-4B5F83AFAA56}"
EndProject
Global
	GlobalSection(SolutionConfigurationPlatforms) = preSolution
		Debug|Any CPU = Debug|Any CPU
		Release|Any CPU = Release|Any CPU
	EndGlobalSection
	GlobalSection(ProjectConfigurationPlatforms) = postSolution
		{531C4F34-9DAC-4925-A8C8-4B5F83AFAA56}.Debug|Any CPU.ActiveCfg = Debug|Any CPU
		{531C4F34-9DAC-4925-A8C8-4B5F83AFAA56}.Debug|Any CPU.Build.0 = Debug|Any CPU
		{531C4F34-9DAC-4925-A8C8-4B5F83AFAA56}.Release|Any CPU.ActiveCfg = Release|Any CPU
		{531C4F34-9DAC-4925-A8C8-4B5F83AFAA56}.Release|Any CPU.Build.0 = Release|Any CPU
	EndGlobalSection
	GlobalSection(SolutionProperties) = preSolution
		HideSolutionNode = FALSE
	EndGlobalSection
	GlobalSection(ExtensibilityGlobals) = postSolution
		SolutionGuid = {292FEEDF-2C2E-4E66-82A9-BCA81A0CF5BF}
	EndGlobalSection
EndGlobal
